{
  "name": "dynamodb-stream-consumer",
  "version": "0.0.0-alpha.8",
  "lockfileVersion": 1,
  "requires": true,
  "dependencies": {
    "aws-core-utils": {
      "version": "8.1.2",
      "resolved": "https://registry.npmjs.org/aws-core-utils/-/aws-core-utils-8.1.2.tgz",
      "integrity": "sha512-1N1oU1FdsSOZa/8Jm8CJgFQbA1WBsgS18bUO84eLFHjMzGNjLuuj/0Shh5hrgJR7QubpXcjGvs2seMgAW1Ipjw==",
      "requires": {
        "core-functions": "3.0.24",
        "deep-equal": "1.0.1",
        "logging-utils": "4.0.24"
      }
    },
    "aws-stream-consumer-core": {
      "version": "2.1.6",
      "resolved": "https://registry.npmjs.org/aws-stream-consumer-core/-/aws-stream-consumer-core-2.1.6.tgz",
      "integrity": "sha512-uTWpINUEDtYHOvfqcpMQZZSnqZJix1JZLqM/Mtxi3eXT0rkHugTMYSULnBuWI01N+cZkRDxAWQBhNhAWxya6iw==",
      "requires": {
        "aws-core-utils": "8.1.2",
        "core-functions": "3.0.24",
        "deep-equal": "1.0.1",
        "lodash.groupby": "4.6.0",
        "lodash.uniq": "4.5.0",
        "logging-utils": "4.0.24",
        "task-utils": "7.0.6"
      }
    },
    "core-functions": {
      "version": "3.0.24",
      "resolved": "https://registry.npmjs.org/core-functions/-/core-functions-3.0.24.tgz",
      "integrity": "sha512-eCrk8iygIRMg7tCVTS2prBlGIVXXWCfenfdzJ1Z8h4fW6dqxGrgxN4f6wQ2loXf7mC9FIGXvOBzlkPWUpkZbHw=="
    },
    "deep-equal": {
      "version": "1.0.1",
      "resolved": "https://registry.npmjs.org/deep-equal/-/deep-equal-1.0.1.tgz",
      "integrity": "sha1-9dJgKStmDghO/0zbyfCK0yR0SLU="
    },
    "lodash.flatmap": {
      "version": "4.5.0",
      "resolved": "https://registry.npmjs.org/lodash.flatmap/-/lodash.flatmap-4.5.0.tgz",
      "integrity": "sha1-74y/QI9uSCaGYzRTBcaswLd4cC4="
    },
    "lodash.groupby": {
      "version": "4.6.0",
      "resolved": "https://registry.npmjs.org/lodash.groupby/-/lodash.groupby-4.6.0.tgz",
      "integrity": "sha1-Cwih3PaDl8OXhVwyOXg4Mt90A9E="
    },
    "lodash.uniq": {
      "version": "4.5.0",
      "resolved": "https://registry.npmjs.org/lodash.uniq/-/lodash.uniq-4.5.0.tgz",
      "integrity": "sha1-0CJTc662Uq3BvILklFM5qEJ1R3M="
    },
    "logging-utils": {
      "version": "4.0.24",
      "resolved": "https://registry.npmjs.org/logging-utils/-/logging-utils-4.0.24.tgz",
      "integrity": "sha512-K+Mt6b7lY1h8fwC0wnRUy9YZK7ZNkOzNG4mbprLfn4gyaRq22nvSx1RjYKrhXw1utQwrqxZQ/P15AoQZpkNalQ==",
      "requires": {
        "core-functions": "3.0.24"
      }
    },
    "task-utils": {
      "version": "7.0.6",
      "resolved": "https://registry.npmjs.org/task-utils/-/task-utils-7.0.6.tgz",
      "integrity": "sha512-fm0OlpAH528p8rrtPtR+ZyleuhJiT5VzS0r/0s7/G1FHqcDEY37TjvsbNvpZPB4ku7wQZff1EHxDj46QFl9kmQ==",
      "requires": {
        "core-functions": "3.0.24"
      }
    }
  }
}
