{
  "name": "dynamodb-stream-consumer",
  "version": "0.0.0-alpha.5",
  "lockfileVersion": 1,
  "requires": true,
  "dependencies": {
    "aws-core-utils": {
      "version": "8.0.0",
      "resolved": "https://registry.npmjs.org/aws-core-utils/-/aws-core-utils-8.0.0.tgz",
      "integrity": "sha512-qsXPfkrYtn99DJzK4qN88FEyLmKLUiu+0j/9bdhMYwuPRKoS3OvfuZPp14Un8BJOBBIjMaPuMd9IWOfjFax4eQ==",
      "requires": {
        "core-functions": "3.0.23",
        "deep-equal": "1.0.1",
        "logging-utils": "4.0.23"
      }
    },
    "aws-stream-consumer-core": {
      "version": "2.1.2",
      "resolved": "https://registry.npmjs.org/aws-stream-consumer-core/-/aws-stream-consumer-core-2.1.2.tgz",
      "integrity": "sha512-atNTikvk761lvSlXuUunQvrFWu6FK9lfJZPDMnDMeacD4pJvkZweEm+uhQmWeimd3JXEpnv9gMIHKVLLM5Lvtw==",
      "requires": {
        "aws-core-utils": "8.0.0",
        "core-functions": "3.0.23",
        "deep-equal": "1.0.1",
        "lodash.groupby": "4.6.0",
        "lodash.uniq": "4.5.0",
        "logging-utils": "4.0.23",
        "task-utils": "7.0.5"
      }
    },
    "core-functions": {
      "version": "3.0.23",
      "resolved": "https://registry.npmjs.org/core-functions/-/core-functions-3.0.23.tgz",
      "integrity": "sha512-qJgOz0cNY6Je/hk6Ck2+IPbdvHXCaD7G7rasnspcyNdMLZKcKLgGtgmPxG+uIvj4oJ4xK7kQVTeyO78MfgtDCQ=="
    },
    "deep-equal": {
      "version": "1.0.1",
      "resolved": "https://registry.npmjs.org/deep-equal/-/deep-equal-1.0.1.tgz",
      "integrity": "sha1-9dJgKStmDghO/0zbyfCK0yR0SLU="
    },
    "lodash.flatmap": {
      "version": "4.5.0",
      "resolved": "https://registry.npmjs.org/lodash.flatmap/-/lodash.flatmap-4.5.0.tgz",
      "integrity": "sha1-74y/QI9uSCaGYzRTBcaswLd4cC4="
    },
    "lodash.groupby": {
      "version": "4.6.0",
      "resolved": "https://registry.npmjs.org/lodash.groupby/-/lodash.groupby-4.6.0.tgz",
      "integrity": "sha1-Cwih3PaDl8OXhVwyOXg4Mt90A9E="
    },
    "lodash.uniq": {
      "version": "4.5.0",
      "resolved": "https://registry.npmjs.org/lodash.uniq/-/lodash.uniq-4.5.0.tgz",
      "integrity": "sha1-0CJTc662Uq3BvILklFM5qEJ1R3M="
    },
    "logging-utils": {
      "version": "4.0.23",
      "resolved": "https://registry.npmjs.org/logging-utils/-/logging-utils-4.0.23.tgz",
      "integrity": "sha512-j6C44+HtyMWyhUW3U3R28yJKNGcjEEi4Mwt7AiMQBO9KOPEwuNYgsCGJUEss5futNoRcxDLmS24jw4Vfo5UtGQ==",
      "requires": {
        "core-functions": "3.0.23"
      }
    },
    "task-utils": {
      "version": "7.0.5",
      "resolved": "https://registry.npmjs.org/task-utils/-/task-utils-7.0.5.tgz",
      "integrity": "sha512-QUd2GwQ9OI0dSZOy718sg+BBqAygSNNhn+L/jdJ/YkPJalqzCLTTL9491JiYvuhQxlIsX6J3EaOHWjHTkO6M6g==",
      "requires": {
        "core-functions": "3.0.23"
      }
    }
  }
}
