{
  "name": "dynamodb-stream-consumer",
  "version": "0.0.0-alpha.4",
  "lockfileVersion": 1,
  "requires": true,
  "dependencies": {
    "aws-core-utils": {
      "version": "7.2.0",
      "resolved": "https://registry.npmjs.org/aws-core-utils/-/aws-core-utils-7.2.0.tgz",
      "integrity": "sha512-jdzEvvHM9AuZH1ySad4M2b9SHuRq14CN1iR4sP7TQ3tJByL6kz6EUuzI62PLAWA1NcjqWWvNtK1HYtKVm/+/3g==",
      "requires": {
        "core-functions": "3.0.22",
        "deep-equal": "1.0.1",
        "logging-utils": "4.0.22"
      }
    },
    "aws-stream-consumer-core": {
      "version": "2.1.1",
      "resolved": "https://registry.npmjs.org/aws-stream-consumer-core/-/aws-stream-consumer-core-2.1.1.tgz",
      "integrity": "sha512-7y0KRS87xSz4YrhpAg4oMNjDznyW0kd/aCeCm9+XuNWFX92z29XPZcfsLez9N9EF1yqhP3Uh6tpxExgSP7gOPg==",
      "requires": {
        "aws-core-utils": "7.2.0",
        "core-functions": "3.0.22",
        "deep-equal": "1.0.1",
        "lodash.groupby": "4.6.0",
        "lodash.uniq": "4.5.0",
        "logging-utils": "4.0.22",
        "task-utils": "7.0.4"
      }
    },
    "core-functions": {
      "version": "3.0.22",
      "resolved": "https://registry.npmjs.org/core-functions/-/core-functions-3.0.22.tgz",
      "integrity": "sha512-rmD31+d1sqo9C/VgdDTbuctvvDxgiZx/On+7A0orFLl8+u0jDETNP+yK+PaylKuUYt/iibBka/cByqmksziDbQ=="
    },
    "deep-equal": {
      "version": "1.0.1",
      "resolved": "https://registry.npmjs.org/deep-equal/-/deep-equal-1.0.1.tgz",
      "integrity": "sha1-9dJgKStmDghO/0zbyfCK0yR0SLU="
    },
    "lodash.flatmap": {
      "version": "4.5.0",
      "resolved": "https://registry.npmjs.org/lodash.flatmap/-/lodash.flatmap-4.5.0.tgz",
      "integrity": "sha1-74y/QI9uSCaGYzRTBcaswLd4cC4="
    },
    "lodash.groupby": {
      "version": "4.6.0",
      "resolved": "https://registry.npmjs.org/lodash.groupby/-/lodash.groupby-4.6.0.tgz",
      "integrity": "sha1-Cwih3PaDl8OXhVwyOXg4Mt90A9E="
    },
    "lodash.uniq": {
      "version": "4.5.0",
      "resolved": "https://registry.npmjs.org/lodash.uniq/-/lodash.uniq-4.5.0.tgz",
      "integrity": "sha1-0CJTc662Uq3BvILklFM5qEJ1R3M="
    },
    "logging-utils": {
      "version": "4.0.22",
      "resolved": "https://registry.npmjs.org/logging-utils/-/logging-utils-4.0.22.tgz",
      "integrity": "sha512-kynrn9Tii8yFCfnDDtC2FIjbhNsthg7fpnbfsKKTE/CTPUuDLwsmghouFhO4UWgX7avwpYePbnkLha97zdLLbw==",
      "requires": {
        "core-functions": "3.0.22"
      }
    },
    "task-utils": {
      "version": "7.0.4",
      "resolved": "https://registry.npmjs.org/task-utils/-/task-utils-7.0.4.tgz",
      "integrity": "sha512-cSuTvkl414SzvoYAVfPIV9Jeq0ATlvJ8o041oGzhsKFBw49QbNd+NeQz+vcs4CjwZjnqWQmER+je8EdoEeOzYw==",
      "requires": {
        "core-functions": "3.0.22"
      }
    }
  }
}
